// !$*UTF8*$!
{
	archiveVersion = 1;
	classes = {
	};
	objectVersion = 46;
	objects = {

/* Begin PBXBuildFile section */
		01422EF6209AE035009260C1 /* OneViewController.m in Sources */ = {isa = PBXBuildFile; fileRef = 01422EF5209AE035009260C1 /* OneViewController.m */; };
		8EA4A187209ADB3000089AED /* main.m in Sources */ = {isa = PBXBuildFile; fileRef = 8EA4A186209ADB3000089AED /* main.m */; };
		8EA4A18A209ADB3000089AED /* AppDelegate.m in Sources */ = {isa = PBXBuildFile; fileRef = 8EA4A189209ADB3000089AED /* AppDelegate.m */; };
		8EA4A18D209ADB3000089AED /* ViewController.m in Sources */ = {isa = PBXBuildFile; fileRef = 8EA4A18C209ADB3000089AED /* ViewController.m */; };
		8EA4A190209ADB3000089AED /* Main.storyboard in Resources */ = {isa = PBXBuildFile; fileRef = 8EA4A18E209ADB3000089AED /* Main.storyboard */; };
		8EA4A192209ADB3000089AED /* Assets.xcassets in Resources */ = {isa = PBXBuildFile; fileRef = 8EA4A191209ADB3000089AED /* Assets.xcassets */; };
		8EA4A195209ADB3000089AED /* LaunchScreen.storyboard in Resources */ = {isa = PBXBuildFile; fileRef = 8EA4A193209ADB3000089AED /* LaunchScreen.storyboard */; };
		8EA4A19F209AE2B400089AED /* TwoViewController.m in Sources */ = {isa = PBXBuildFile; fileRef = 8EA4A19E209AE2B400089AED /* TwoViewController.m */; };
/* End PBXBuildFile section */

/* Begin PBXFileReference section */
		01422EF4209AE035009260C1 /* OneViewController.h */ = {isa = PBXFileReference; lastKnownFileType = sourcecode.c.h; path = OneViewController.h; sourceTree = "<group>"; };
		01422EF5209AE035009260C1 /* OneViewController.m */ = {isa = PBXFileReference; lastKnownFileType = sourcecode.c.objc; path = OneViewController.m; sourceTree = "<group>"; };
		8EA4A182209ADB3000089AED /* TestDemo.app */ = {isa = PBXFileReference; explicitFileType = wrapper.application; includeInIndex = 0; path = TestDemo.app; sourceTree = BUILT_PRODUCTS_DIR; };
		8EA4A186209ADB3000089AED /* main.m */ = {isa = PBXFileReference; lastKnownFileType = sourcecode.c.objc; path = main.m; sourceTree = "<group>"; };
		8EA4A188209ADB3000089AED /* AppDelegate.h */ = {isa = PBXFileReference; lastKnownFileType = sourcecode.c.h; path = AppDelegate.h; sourceTree = "<group>"; };
		8EA4A189209ADB3000089AED /* AppDelegate.m */ = {isa = PBXFileReference; lastKnownFileType = sourcecode.c.objc; path = AppDelegate.m; sourceTree = "<group>"; };
		8EA4A18B209ADB3000089AED /* ViewController.h */ = {isa = PBXFileReference; lastKnownFileType = sourcecode.c.h; path = ViewController.h; sourceTree = "<group>"; };
		8EA4A18C209ADB3000089AED /* ViewController.m */ = {isa = PBXFileReference; lastKnownFileType = sourcecode.c.objc; path = ViewController.m; sourceTree = "<group>"; };
		8EA4A18F209ADB3000089AED /* Base */ = {isa = PBXFileReference; lastKnownFileType = file.storyboard; name = Base; path = Base.lproj/Main.storyboard; sourceTree = "<group>"; };
		8EA4A191209ADB3000089AED /* Assets.xcassets */ = {isa = PBXFileReference; lastKnownFileType = folder.assetcatalog; path = Assets.xcassets; sourceTree = "<group>"; };
		8EA4A194209ADB3000089AED /* Base */ = {isa = PBXFileReference; lastKnownFileType = file.storyboard; name = Base; path = Base.lproj/LaunchScreen.storyboard; sourceTree = "<group>"; };
		8EA4A196209ADB3000089AED /* Info.plist */ = {isa = PBXFileReference; lastKnownFileType = text.plist.xml; path = Info.plist; sourceTree = "<group>"; };
		8EA4A19D209AE2B400089AED /* TwoViewController.h */ = {isa = PBXFileReference; fileEncoding = 4; lastKnownFileType = sourcecode.c.h; path = TwoViewController.h; sourceTree = "<group>"; };
		8EA4A19E209AE2B400089AED /* TwoViewController.m */ = {isa = PBXFileReference; fileEncoding = 4; lastKnownFileType = sourcecode.c.objc; path = TwoViewController.m; sourceTree = "<group>"; };
/* End PBXFileReference section */

/* Begin PBXFrameworksBuildPhase section */
		8EA4A17F209ADB3000089AED /* Frameworks */ = {
			isa = PBXFrameworksBuildPhase;
			buildActionMask = 2147483647;
			files = (
			);
			runOnlyForDeploymentPostprocessing = 0;
		};
/* End PBXFrameworksBuildPhase section */

/* Begin PBXGroup section */
		01422EF3209AE00B009260C1 /* ztma */ = {
			isa = PBXGroup;
			children = (
				01422EF4209AE035009260C1 /* OneViewController.h */,
				01422EF5209AE035009260C1 /* OneViewController.m */,
			);
			name = ztma;
			sourceTree = "<group>";
		};
		8EA4A179209ADB3000089AED = {
			isa = PBXGroup;
			children = (
				8EA4A184209ADB3000089AED /* TestDemo */,
				8EA4A183209ADB3000089AED /* Products */,
			);
			sourceTree = "<group>";
		};
		8EA4A183209ADB3000089AED /* Products */ = {
			isa = PBXGroup;
			children = (
				8EA4A182209ADB3000089AED /* TestDemo.app */,
			);
			name = Products;
			sourceTree = "<group>";
		};
		8EA4A184209ADB3000089AED /* TestDemo */ = {
			isa = PBXGroup;
			children = (
				8EA4A19C209AE29700089AED /* MU */,
				01422EF3209AE00B009260C1 /* ztma */,
				8EA4A188209ADB3000089AED /* AppDelegate.h */,
				8EA4A189209ADB3000089AED /* AppDelegate.m */,
				8EA4A18B209ADB3000089AED /* ViewController.h */,
				8EA4A18C209ADB3000089AED /* ViewController.m */,
				8EA4A18E209ADB3000089AED /* Main.storyboard */,
				8EA4A191209ADB3000089AED /* Assets.xcassets */,
				8EA4A193209ADB3000089AED /* LaunchScreen.storyboard */,
				8EA4A196209ADB3000089AED /* Info.plist */,
				8EA4A185209ADB3000089AED /* Supporting Files */,
			);
			path = TestDemo;
			sourceTree = "<group>";
		};
		8EA4A185209ADB3000089AED /* Supporting Files */ = {
			isa = PBXGroup;
			children = (
				8EA4A186209ADB3000089AED /* main.m */,
			);
			name = "Supporting Files";
			sourceTree = "<group>";
		};
		8EA4A19C209AE29700089AED /* MU */ = {
			isa = PBXGroup;
			children = (
				8EA4A19D209AE2B400089AED /* TwoViewController.h */,
				8EA4A19E209AE2B400089AED /* TwoViewController.m */,
			);
			name = MU;
			sourceTree = "<group>";
		};
/* End PBXGroup section */

/* Begin PBXNativeTarget section */
		8EA4A181209ADB3000089AED /* TestDemo */ = {
			isa = PBXNativeTarget;
			buildConfigurationList = 8EA4A199209ADB3000089AED /* Build configuration list for PBXNativeTarget "TestDemo" */;
			buildPhases = (
				8EA4A17E209ADB3000089AED /* Sources */,
				8EA4A17F209ADB3000089AED /* Frameworks */,
				8EA4A180209ADB3000089AED /* Resources */,
			);
			buildRules = (
			);
			dependencies = (
			);
			name = TestDemo;
			productName = TestDemo;
			productReference = 8EA4A182209ADB3000089AED /* TestDemo.app */;
			productType = "com.apple.product-type.application";
		};
/* End PBXNativeTarget section */

/* Begin PBXProject section */
		8EA4A17A209ADB3000089AED /* Project object */ = {
			isa = PBXProject;
			attributes = {
				LastUpgradeCheck = 0820;
				ORGANIZATIONNAME = MF;
				TargetAttributes = {
					8EA4A181209ADB3000089AED = {
						CreatedOnToolsVersion = 8.2.1;
						DevelopmentTeam = 6JJD6WN2BZ;
						ProvisioningStyle = Automatic;
					};
				};
			};
			buildConfigurationList = 8EA4A17D209ADB3000089AED /* Build configuration list for PBXProject "TestDemo" */;
			compatibilityVersion = "Xcode 3.2";
			developmentRegion = English;
			hasScannedForEncodings = 0;
			knownRegions = (
				en,
				Base,
			);
			mainGroup = 8EA4A179209ADB3000089AED;
			productRefGroup = 8EA4A183209ADB3000089AED /* Products */;
			projectDirPath = "";
			projectRoot = "";
			targets = (
				8EA4A181209ADB3000089AED /* TestDemo */,
			);
		};
/* End PBXProject section */

/* Begin PBXResourcesBuildPhase section */
		8EA4A180209ADB3000089AED /* Resources */ = {
			isa = PBXResourcesBuildPhase;
			buildActionMask = 2147483647;
			files = (
				8EA4A195209ADB3000089AED /* LaunchScreen.storyboard in Resources */,
				8EA4A192209ADB3000089AED /* Assets.xcassets in Resources */,
				8EA4A190209ADB3000089AED /* Main.storyboard in Resources */,
			);
			runOnlyForDeploymentPostprocessing = 0;
		};
/* End PBXResourcesBuildPhase section */

/* Begin PBXSourcesBuildPhase section */
		8EA4A17E209ADB3000089AED /* Sources */ = {
			isa = PBXSourcesBuildPhase;
			buildActionMask = 2147483647;
			files = (
				8EA4A18D209ADB3000089AED /* ViewController.m in Sources */,
				8EA4A18A209ADB3000089AED /* AppDelegate.m in Sources */,
				8EA4A187209ADB3000089AED /* main.m in Sources */,

				8EA4A19F209AE2B400089AED /* TwoViewController.m in Sources */,
				01422EF6209AE035009260C1 /* OneViewController.m in Sources */,
			);
			runOnlyForDeploymentPostprocessing = 0;
		};
/* End PBXSourcesBuildPhase section */

/* Begin PBXVariantGroup section */
		8EA4A18E209ADB3000089AED /* Main.storyboard */ = {
			isa = PBXVariantGroup;
			children = (
				8EA4A18F209ADB3000089AED /* Base */,
			);
			name = Main.storyboard;
			sourceTree = "<group>";
		};
		8EA4A193209ADB3000089AED /* LaunchScreen.storyboard */ = {
			isa = PBXVariantGroup;
			children = (
				8EA4A194209ADB3000089AED /* Base */,
			);
			name = LaunchScreen.storyboard;
			sourceTree = "<group>";
		};
/* End PBXVariantGroup section */

/* Begin XCBuildConfiguration section */
		8EA4A197209ADB3000089AED /* Debug */ = {
			isa = XCBuildConfiguration;
			buildSettings = {
				ALWAYS_SEARCH_USER_PATHS = NO;
				CLANG_ANALYZER_NONNULL = YES;
				CLANG_CXX_LANGUAGE_STANDARD = "gnu++0x";
				CLANG_CXX_LIBRARY = "libc++";
				CLANG_ENABLE_MODULES = YES;
				CLANG_ENABLE_OBJC_ARC = YES;
				CLANG_WARN_BOOL_CONVERSION = YES;
				CLANG_WARN_CONSTANT_CONVERSION = YES;
				CLANG_WARN_DIRECT_OBJC_ISA_USAGE = YES_ERROR;
				CLANG_WARN_DOCUMENTATION_COMMENTS = YES;
				CLANG_WARN_EMPTY_BODY = YES;
				CLANG_WARN_ENUM_CONVERSION = YES;
				CLANG_WARN_INFINITE_RECURSION = YES;
				CLANG_WARN_INT_CONVERSION = YES;
				CLANG_WARN_OBJC_ROOT_CLASS = YES_ERROR;
				CLANG_WARN_SUSPICIOUS_MOVE = YES;
				CLANG_WARN_UNREACHABLE_CODE = YES;
				CLANG_WARN__DUPLICATE_METHOD_MATCH = YES;
				"CODE_SIGN_IDENTITY[sdk=iphoneos*]" = "iPhone Developer";
				COPY_PHASE_STRIP = NO;
				DEBUG_INFORMATION_FORMAT = dwarf;
				ENABLE_STRICT_OBJC_MSGSEND = YES;
				ENABLE_TESTABILITY = YES;
				GCC_C_LANGUAGE_STANDARD = gnu99;
				GCC_DYNAMIC_NO_PIC = NO;
				GCC_NO_COMMON_BLOCKS = YES;
				GCC_OPTIMIZATION_LEVEL = 0;
				GCC_PREPROCESSOR_DEFINITIONS = (
					"DEBUG=1",
					"$(inherited)",
				);
				GCC_WARN_64_TO_32_BIT_CONVERSION = YES;
				GCC_WARN_ABOUT_RETURN_TYPE = YES_ERROR;
				GCC_WARN_UNDECLARED_SELECTOR = YES;
				GCC_WARN_UNINITIALIZED_AUTOS = YES_AGGRESSIVE;
				GCC_WARN_UNUSED_FUNCTION = YES;
				GCC_WARN_UNUSED_VARIABLE = YES;
				IPHONEOS_DEPLOYMENT_TARGET = 10.2;
				MTL_ENABLE_DEBUG_INFO = YES;
				ONLY_ACTIVE_ARCH = YES;
				SDKROOT = iphoneos;
			};
			name = Debug;
		};
		8EA4A198209ADB3000089AED /* Release */ = {
			isa = XCBuildConfiguration;
			buildSettings = {
				ALWAYS_SEARCH_USER_PATHS = NO;
				CLANG_ANALYZER_NONNULL = YES;
				CLANG_CXX_LANGUAGE_STANDARD = "gnu++0x";
				CLANG_CXX_LIBRARY = "libc++";
				CLANG_ENABLE_MODULES = YES;
				CLANG_ENABLE_OBJC_ARC = YES;
				CLANG_WARN_BOOL_CONVERSION = YES;
				CLANG_WARN_CONSTANT_CONVERSION = YES;
				CLANG_WARN_DIRECT_OBJC_ISA_USAGE = YES_ERROR;
				CLANG_WARN_DOCUMENTATION_COMMENTS = YES;
				CLANG_WARN_EMPTY_BODY = YES;
				CLANG_WARN_ENUM_CONVERSION = YES;
				CLANG_WARN_INFINITE_RECURSION = YES;
				CLANG_WARN_INT_CONVERSION = YES;
				CLANG_WARN_OBJC_ROOT_CLASS = YES_ERROR;
				CLANG_WARN_SUSPICIOUS_MOVE = YES;
				CLANG_WARN_UNREACHABLE_CODE = YES;
				CLANG_WARN__DUPLICATE_METHOD_MATCH = YES;
				"CODE_SIGN_IDENTITY[sdk=iphoneos*]" = "iPhone Developer";
				COPY_PHASE_STRIP = NO;
				DEBUG_INFORMATION_FORMAT = "dwarf-with-dsym";
				ENABLE_NS_ASSERTIONS = NO;
				ENABLE_STRICT_OBJC_MSGSEND = YES;
				GCC_C_LANGUAGE_STANDARD = gnu99;
				GCC_NO_COMMON_BLOCKS = YES;
				GCC_WARN_64_TO_32_BIT_CONVERSION = YES;
				GCC_WARN_ABOUT_RETURN_TYPE = YES_ERROR;
				GCC_WARN_UNDECLARED_SELECTOR = YES;
				GCC_WARN_UNINITIALIZED_AUTOS = YES_AGGRESSIVE;
				GCC_WARN_UNUSED_FUNCTION = YES;
				GCC_WARN_UNUSED_VARIABLE = YES;
				IPHONEOS_DEPLOYMENT_TARGET = 10.2;
				MTL_ENABLE_DEBUG_INFO = NO;
				SDKROOT = iphoneos;
				VALIDATE_PRODUCT = YES;
			};
			name = Release;
		};
		8EA4A19A209ADB3000089AED /* Debug */ = {
			isa = XCBuildConfiguration;
			buildSettings = {
				ASSETCATALOG_COMPILER_APPICON_NAME = AppIcon;
				DEVELOPMENT_TEAM = 6JJD6WN2BZ;
				INFOPLIST_FILE = TestDemo/Info.plist;
				IPHONEOS_DEPLOYMENT_TARGET = 9.0;
				LD_RUNPATH_SEARCH_PATHS = "$(inherited) @executable_path/Frameworks";
				PRODUCT_BUNDLE_IDENTIFIER = com.ZTMAN1.TestDemo;
				PRODUCT_NAME = "$(TARGET_NAME)";
			};
			name = Debug;
		};
		8EA4A19B209ADB3000089AED /* Release */ = {
			isa = XCBuildConfiguration;
			buildSettings = {
				ASSETCATALOG_COMPILER_APPICON_NAME = AppIcon;
				DEVELOPMENT_TEAM = 6JJD6WN2BZ;
				INFOPLIST_FILE = TestDemo/Info.plist;
				IPHONEOS_DEPLOYMENT_TARGET = 9.0;
				LD_RUNPATH_SEARCH_PATHS = "$(inherited) @executable_path/Frameworks";
				PRODUCT_BUNDLE_IDENTIFIER = com.ZTMAN1.TestDemo;
				PRODUCT_NAME = "$(TARGET_NAME)";
			};
			name = Release;
		};
/* End XCBuildConfiguration section */

/* Begin XCConfigurationList section */
		8EA4A17D209ADB3000089AED /* Build configuration list for PBXProject "TestDemo" */ = {
			isa = XCConfigurationList;
			buildConfigurations = (
				8EA4A197209ADB3000089AED /* Debug */,
				8EA4A198209ADB3000089AED /* Release */,
			);
			defaultConfigurationIsVisible = 0;
			defaultConfigurationName = Release;
		};
		8EA4A199209ADB3000089AED /* Build configuration list for PBXNativeTarget "TestDemo" */ = {
			isa = XCConfigurationList;
			buildConfigurations = (
				8EA4A19A209ADB3000089AED /* Debug */,
				8EA4A19B209ADB3000089AED /* Release */,
			);
			defaultConfigurationIsVisible = 0;
			defaultConfigurationName = Release;
		};
/* End XCConfigurationList section */
	};
	rootObject = 8EA4A17A209ADB3000089AED /* Project object */;
}
